// !$*UTF8*$!
{
	archiveVersion = 1;
	classes = {
	};
	objectVersion = 77;
	objects = {

/* Begin PBXBuildFile section */
		02B75640143493674AB368DE /* MainTimerView.swift in Sources */ = {isa = PBXBuildFile; fileRef = B7128026E489297080A81DA6 /* MainTimerView.swift */; };
		05069398425E47A2D5ACC5B5 /* transition-beep.aiff in Resources */ = {isa = PBXBuildFile; fileRef = B36B07D8F9B6C61C38DA4574 /* transition-beep.aiff */; };
		090DF8A3D78D26D49AC5ED30 /* TimeProvider.swift in Sources */ = {isa = PBXBuildFile; fileRef = 7588156C39CBA918541300F3 /* TimeProvider.swift */; };
		0EE8EB8AD2126BFB2994A863 /* ModeArrow.swift in Sources */ = {isa = PBXBuildFile; fileRef = CEFC2C0C5676E76E05F26477 /* ModeArrow.swift */; };
		1E1FB310188F1A9301D24A06 /* TimerControls.swift in Sources */ = {isa = PBXBuildFile; fileRef = 83A16E76FDD147F320F66020 /* TimerControls.swift */; };
		21C38F32A4666C002126C625 /* PomodoroManager.swift in Sources */ = {isa = PBXBuildFile; fileRef = E96542BF21D5202E2FA1D57D /* PomodoroManager.swift */; };
		25FB653C955C17707C145B2D /* AppDelegate.swift in Sources */ = {isa = PBXBuildFile; fileRef = 2F5002333C2D8773D565ED33 /* AppDelegate.swift */; };
		26ECC36B119C7567E428C54A /* TimerModelTests.swift in Sources */ = {isa = PBXBuildFile; fileRef = B57D4796D78118EED56EC0E5 /* TimerModelTests.swift */; };
		40F72178BC1E9E85E2A75356 /* SoundPlaying.swift in Sources */ = {isa = PBXBuildFile; fileRef = 061CF03E0411561BD208DB10 /* SoundPlaying.swift */; };
		469A68DF467FE9F6D66823D3 /* SettingsStoring.swift in Sources */ = {isa = PBXBuildFile; fileRef = EED757EEAF0A3E55C447CC75 /* SettingsStoring.swift */; };
		4F25193F2987F9BFB48B423A /* CLAUDE.md in Resources */ = {isa = PBXBuildFile; fileRef = 3E64C42E1944192C30226B8B /* CLAUDE.md */; };
		50E87F4BC39703E7A6C18C3F /* SevenSegmentDisplay.swift in Sources */ = {isa = PBXBuildFile; fileRef = 90DA251BD0003031CD424060 /* SevenSegmentDisplay.swift */; };
		52B6BBAD3B8C203A5E5AAB01 /* CLAUDE.md in Resources */ = {isa = PBXBuildFile; fileRef = 7E358F827F3D7CD70AD63202 /* CLAUDE.md */; };
		55CECF340B831079FE218C51 /* TimerPanelView.swift in Sources */ = {isa = PBXBuildFile; fileRef = 0D18D24D8862FF3D88532086 /* TimerPanelView.swift */; };
		55DA8751ACA552101723D8A0 /* MockSoundPlayer.swift in Sources */ = {isa = PBXBuildFile; fileRef = AEDFBAEC91E7BB5B692EBA7A /* MockSoundPlayer.swift */; };
		57DEA2E8AA8C27637C43ED0B /* SoundManager.swift in Sources */ = {isa = PBXBuildFile; fileRef = EFBD6DDC1334A437038CCC1D /* SoundManager.swift */; };
		5B712B5E79BCAFFCCB81F717 /* PomodoroManagerTests.swift in Sources */ = {isa = PBXBuildFile; fileRef = 08DB6B7ACE631704A33C2388 /* PomodoroManagerTests.swift */; };
		65756EE65F8B8AB3DDB6ACA8 /* MockTimeProvider.swift in Sources */ = {isa = PBXBuildFile; fileRef = E87981026ED5EDD6ED18A6D5 /* MockTimeProvider.swift */; };
		69148676B6BA30354F08AB7A /* PomodoroApp.swift in Sources */ = {isa = PBXBuildFile; fileRef = FDB0ECCB40B4398D29AA43E3 /* PomodoroApp.swift */; };
		69C99C54CE00DD56A8773892 /* MockSettingsStore.swift in Sources */ = {isa = PBXBuildFile; fileRef = 11911702EF00CFF6D00948D5 /* MockSettingsStore.swift */; };
		6EBAE4E6A6B89C132504EA12 /* NotificationSending.swift in Sources */ = {isa = PBXBuildFile; fileRef = A0C806522CA337A352F004A0 /* NotificationSending.swift */; };
		7165600109A8C6F6B3D7B104 /* SevenSegmentDigit.swift in Sources */ = {isa = PBXBuildFile; fileRef = 4FA9B5A636CE3245E48A749D /* SevenSegmentDigit.swift */; };
		81DC72508469D51EEEA1E21B /* PomdoroUIPlaceholderTests.swift in Sources */ = {isa = PBXBuildFile; fileRef = 3CA19A4BEDC4B670511DEC98 /* PomdoroUIPlaceholderTests.swift */; };
		9111BB7E9101DEAA31B2122A /* NotificationManagerTests.swift in Sources */ = {isa = PBXBuildFile; fileRef = 7E77E76A3849EC5984B5179F /* NotificationManagerTests.swift */; };
		9E3D0E6ECD422982722C688B /* PomdoroPlaceholderTests.swift in Sources */ = {isa = PBXBuildFile; fileRef = 52A11DEF9BA6D02E1FDD31AE /* PomdoroPlaceholderTests.swift */; };
		A7032B12863B291F4448DA11 /* MockNotificationSender.swift in Sources */ = {isa = PBXBuildFile; fileRef = 7826C49795E53B0FB967AE25 /* MockNotificationSender.swift */; };
		ABFC4F0C186120163ED3D018 /* CLAUDE.md in Resources */ = {isa = PBXBuildFile; fileRef = 5DEFEC65199723D93E21BF28 /* CLAUDE.md */; };
		AFD649AF0B9D4024B3462823 /* ChainLinkButton.swift in Sources */ = {isa = PBXBuildFile; fileRef = 26FCC96D00F4B99A98118856 /* ChainLinkButton.swift */; };
		B3538F1388C7D7919702367C /* CLAUDE.md in Resources */ = {isa = PBXBuildFile; fileRef = 017B500108FCFC22E3E71B2D /* CLAUDE.md */; };
		B442093FA06FF3B75D395F6C /* CLAUDE.md in Resources */ = {isa = PBXBuildFile; fileRef = 5236F4F6D99847549A4086C4 /* CLAUDE.md */; };
		B5E7BED916054EF7A230A399 /* SettingsView.swift in Sources */ = {isa = PBXBuildFile; fileRef = 2C302A03143E577E5ED427C3 /* SettingsView.swift */; };
		B6D1CCF46257A96BC221E44B /* SevenSegmentDigitTests.swift in Sources */ = {isa = PBXBuildFile; fileRef = C25526E31FF890AEB1DBB0C2 /* SevenSegmentDigitTests.swift */; };
		B7B26FA4C4FF80AF56C7601C /* AppSettingsStore.swift in Sources */ = {isa = PBXBuildFile; fileRef = 527E5CD146D070D803EA33D8 /* AppSettingsStore.swift */; };
		C0B28A8163CE4EC5AA92608E /* SoundManagerTests.swift in Sources */ = {isa = PBXBuildFile; fileRef = 6503DD09BEACBEC000F5FD27 /* SoundManagerTests.swift */; };
		CD2D568043A08C3EDAA294BC /* NotificationManager.swift in Sources */ = {isa = PBXBuildFile; fileRef = 48A4270E123F68B96363667D /* NotificationManager.swift */; };
		CE95E4C4C66878B4D8994EF4 /* CLAUDE.md in Resources */ = {isa = PBXBuildFile; fileRef = 597BABF5060A804AD1AC6190 /* CLAUDE.md */; };
		D0C2AA767F106F549AB211F2 /* CLAUDE.md in Resources */ = {isa = PBXBuildFile; fileRef = F0BAA277BDDA62F72948C442 /* CLAUDE.md */; };
		D41B27E305EF36569505E7CF /* CLAUDE.md in Resources */ = {isa = PBXBuildFile; fileRef = 7B29F3F0C73C1E65E6D19CCE /* CLAUDE.md */; };
		EA33904E40B869BD33D3E1CF /* completion-alarm.aiff in Resources */ = {isa = PBXBuildFile; fileRef = B646614F11E34FC34AB60BB8 /* completion-alarm.aiff */; };
		F4BFD4F7BBDB8E825067C5C5 /* AppSettingsStoreTests.swift in Sources */ = {isa = PBXBuildFile; fileRef = 977B41306752A466DF441DA5 /* AppSettingsStoreTests.swift */; };
		F86BF60BBAC7193DAE3F238D /* TimerModel.swift in Sources */ = {isa = PBXBuildFile; fileRef = 09417D69B7C0A0FBEC84A244 /* TimerModel.swift */; };
		FB52591368F49FC56A502B15 /* CLAUDE.md in Resources */ = {isa = PBXBuildFile; fileRef = D0E4AA3F69877E82926D317D /* CLAUDE.md */; };
		FDA9209307A2E472E20DE9BE /* DigitInputTests.swift in Sources */ = {isa = PBXBuildFile; fileRef = 71A2C81ED921AB56B394D718 /* DigitInputTests.swift */; };
/* End PBXBuildFile section */

/* Begin PBXContainerItemProxy section */
		269159F65ACF467D49618CEF /* PBXContainerItemProxy */ = {
			isa = PBXContainerItemProxy;
			containerPortal = 9898EC9B987B29C82017B4B9 /* Project object */;
			proxyType = 1;
			remoteGlobalIDString = 2B2687DD8624327A9781BD32;
			remoteInfo = Pomdoro;
		};
		27A68205CA9BE5A14AD5BEF8 /* PBXContainerItemProxy */ = {
			isa = PBXContainerItemProxy;
			containerPortal = 9898EC9B987B29C82017B4B9 /* Project object */;
			proxyType = 1;
			remoteGlobalIDString = 2B2687DD8624327A9781BD32;
			remoteInfo = Pomdoro;
		};
/* End PBXContainerItemProxy section */

/* Begin PBXFileReference section */
		017B500108FCFC22E3E71B2D /* CLAUDE.md */ = {isa = PBXFileReference; lastKnownFileType = net.daringfireball.markdown; path = CLAUDE.md; sourceTree = "<group>"; };
		061CF03E0411561BD208DB10 /* SoundPlaying.swift */ = {isa = PBXFileReference; lastKnownFileType = sourcecode.swift; path = SoundPlaying.swift; sourceTree = "<group>"; };
		08DB6B7ACE631704A33C2388 /* PomodoroManagerTests.swift */ = {isa = PBXFileReference; lastKnownFileType = sourcecode.swift; path = PomodoroManagerTests.swift; sourceTree = "<group>"; };
		09417D69B7C0A0FBEC84A244 /* TimerModel.swift */ = {isa = PBXFileReference; lastKnownFileType = sourcecode.swift; path = TimerModel.swift; sourceTree = "<group>"; };
		0D18D24D8862FF3D88532086 /* TimerPanelView.swift */ = {isa = PBXFileReference; lastKnownFileType = sourcecode.swift; path = TimerPanelView.swift; sourceTree = "<group>"; };
		11911702EF00CFF6D00948D5 /* MockSettingsStore.swift */ = {isa = PBXFileReference; lastKnownFileType = sourcecode.swift; path = MockSettingsStore.swift; sourceTree = "<group>"; };
		26FCC96D00F4B99A98118856 /* ChainLinkButton.swift */ = {isa = PBXFileReference; lastKnownFileType = sourcecode.swift; path = ChainLinkButton.swift; sourceTree = "<group>"; };
		2C302A03143E577E5ED427C3 /* SettingsView.swift */ = {isa = PBXFileReference; lastKnownFileType = sourcecode.swift; path = SettingsView.swift; sourceTree = "<group>"; };
		2F5002333C2D8773D565ED33 /* AppDelegate.swift */ = {isa = PBXFileReference; lastKnownFileType = sourcecode.swift; path = AppDelegate.swift; sourceTree = "<group>"; };
		3CA19A4BEDC4B670511DEC98 /* PomdoroUIPlaceholderTests.swift */ = {isa = PBXFileReference; lastKnownFileType = sourcecode.swift; path = PomdoroUIPlaceholderTests.swift; sourceTree = "<group>"; };
		3E64C42E1944192C30226B8B /* CLAUDE.md */ = {isa = PBXFileReference; lastKnownFileType = net.daringfireball.markdown; path = CLAUDE.md; sourceTree = "<group>"; };
		48A4270E123F68B96363667D /* NotificationManager.swift */ = {isa = PBXFileReference; lastKnownFileType = sourcecode.swift; path = NotificationManager.swift; sourceTree = "<group>"; };
		4FA9B5A636CE3245E48A749D /* SevenSegmentDigit.swift */ = {isa = PBXFileReference; lastKnownFileType = sourcecode.swift; path = SevenSegmentDigit.swift; sourceTree = "<group>"; };
		5236F4F6D99847549A4086C4 /* CLAUDE.md */ = {isa = PBXFileReference; lastKnownFileType = net.daringfireball.markdown; path = CLAUDE.md; sourceTree = "<group>"; };
		527E5CD146D070D803EA33D8 /* AppSettingsStore.swift */ = {isa = PBXFileReference; lastKnownFileType = sourcecode.swift; path = AppSettingsStore.swift; sourceTree = "<group>"; };
		52A11DEF9BA6D02E1FDD31AE /* PomdoroPlaceholderTests.swift */ = {isa = PBXFileReference; lastKnownFileType = sourcecode.swift; path = PomdoroPlaceholderTests.swift; sourceTree = "<group>"; };
		597BABF5060A804AD1AC6190 /* CLAUDE.md */ = {isa = PBXFileReference; lastKnownFileType = net.daringfireball.markdown; path = CLAUDE.md; sourceTree = "<group>"; };
		5DEFEC65199723D93E21BF28 /* CLAUDE.md */ = {isa = PBXFileReference; lastKnownFileType = net.daringfireball.markdown; path = CLAUDE.md; sourceTree = "<group>"; };
		6503DD09BEACBEC000F5FD27 /* SoundManagerTests.swift */ = {isa = PBXFileReference; lastKnownFileType = sourcecode.swift; path = SoundManagerTests.swift; sourceTree = "<group>"; };
		71A2C81ED921AB56B394D718 /* DigitInputTests.swift */ = {isa = PBXFileReference; lastKnownFileType = sourcecode.swift; path = DigitInputTests.swift; sourceTree = "<group>"; };
		7588156C39CBA918541300F3 /* TimeProvider.swift */ = {isa = PBXFileReference; lastKnownFileType = sourcecode.swift; path = TimeProvider.swift; sourceTree = "<group>"; };
		7826C49795E53B0FB967AE25 /* MockNotificationSender.swift */ = {isa = PBXFileReference; lastKnownFileType = sourcecode.swift; path = MockNotificationSender.swift; sourceTree = "<group>"; };
		7B29F3F0C73C1E65E6D19CCE /* CLAUDE.md */ = {isa = PBXFileReference; lastKnownFileType = net.daringfireball.markdown; path = CLAUDE.md; sourceTree = "<group>"; };
		7E358F827F3D7CD70AD63202 /* CLAUDE.md */ = {isa = PBXFileReference; lastKnownFileType = net.daringfireball.markdown; path = CLAUDE.md; sourceTree = "<group>"; };
		7E77E76A3849EC5984B5179F /* NotificationManagerTests.swift */ = {isa = PBXFileReference; lastKnownFileType = sourcecode.swift; path = NotificationManagerTests.swift; sourceTree = "<group>"; };
		83A16E76FDD147F320F66020 /* TimerControls.swift */ = {isa = PBXFileReference; lastKnownFileType = sourcecode.swift; path = TimerControls.swift; sourceTree = "<group>"; };
		90DA251BD0003031CD424060 /* SevenSegmentDisplay.swift */ = {isa = PBXFileReference; lastKnownFileType = sourcecode.swift; path = SevenSegmentDisplay.swift; sourceTree = "<group>"; };
		977B41306752A466DF441DA5 /* AppSettingsStoreTests.swift */ = {isa = PBXFileReference; lastKnownFileType = sourcecode.swift; path = AppSettingsStoreTests.swift; sourceTree = "<group>"; };
		A0C806522CA337A352F004A0 /* NotificationSending.swift */ = {isa = PBXFileReference; lastKnownFileType = sourcecode.swift; path = NotificationSending.swift; sourceTree = "<group>"; };
		A77AB310B486084751550415 /* PomdoroTests.xctest */ = {isa = PBXFileReference; explicitFileType = wrapper.cfbundle; includeInIndex = 0; path = PomdoroTests.xctest; sourceTree = BUILT_PRODUCTS_DIR; };
		ADB46EE64EF249CDC93CBDE8 /* PomdoroUITests.xctest */ = {isa = PBXFileReference; explicitFileType = wrapper.cfbundle; includeInIndex = 0; path = PomdoroUITests.xctest; sourceTree = BUILT_PRODUCTS_DIR; };
		AEDFBAEC91E7BB5B692EBA7A /* MockSoundPlayer.swift */ = {isa = PBXFileReference; lastKnownFileType = sourcecode.swift; path = MockSoundPlayer.swift; sourceTree = "<group>"; };
		B36B07D8F9B6C61C38DA4574 /* transition-beep.aiff */ = {isa = PBXFileReference; lastKnownFileType = audio.aiff; path = "transition-beep.aiff"; sourceTree = "<group>"; };
		B57D4796D78118EED56EC0E5 /* TimerModelTests.swift */ = {isa = PBXFileReference; lastKnownFileType = sourcecode.swift; path = TimerModelTests.swift; sourceTree = "<group>"; };
		B646614F11E34FC34AB60BB8 /* completion-alarm.aiff */ = {isa = PBXFileReference; lastKnownFileType = audio.aiff; path = "completion-alarm.aiff"; sourceTree = "<group>"; };
		B7128026E489297080A81DA6 /* MainTimerView.swift */ = {isa = PBXFileReference; lastKnownFileType = sourcecode.swift; path = MainTimerView.swift; sourceTree = "<group>"; };
		C25526E31FF890AEB1DBB0C2 /* SevenSegmentDigitTests.swift */ = {isa = PBXFileReference; lastKnownFileType = sourcecode.swift; path = SevenSegmentDigitTests.swift; sourceTree = "<group>"; };
		CEFC2C0C5676E76E05F26477 /* ModeArrow.swift */ = {isa = PBXFileReference; lastKnownFileType = sourcecode.swift; path = ModeArrow.swift; sourceTree = "<group>"; };
		D0E4AA3F69877E82926D317D /* CLAUDE.md */ = {isa = PBXFileReference; lastKnownFileType = net.daringfireball.markdown; path = CLAUDE.md; sourceTree = "<group>"; };
		E19F37F631CBB3789E57A8C3 /* Pomdoro.app */ = {isa = PBXFileReference; explicitFileType = wrapper.application; includeInIndex = 0; path = Pomdoro.app; sourceTree = BUILT_PRODUCTS_DIR; };
		E87981026ED5EDD6ED18A6D5 /* MockTimeProvider.swift */ = {isa = PBXFileReference; lastKnownFileType = sourcecode.swift; path = MockTimeProvider.swift; sourceTree = "<group>"; };
		E96542BF21D5202E2FA1D57D /* PomodoroManager.swift */ = {isa = PBXFileReference; lastKnownFileType = sourcecode.swift; path = PomodoroManager.swift; sourceTree = "<group>"; };
		EED757EEAF0A3E55C447CC75 /* SettingsStoring.swift */ = {isa = PBXFileReference; lastKnownFileType = sourcecode.swift; path = SettingsStoring.swift; sourceTree = "<group>"; };
		EFBD6DDC1334A437038CCC1D /* SoundManager.swift */ = {isa = PBXFileReference; lastKnownFileType = sourcecode.swift; path = SoundManager.swift; sourceTree = "<group>"; };
		F0BAA277BDDA62F72948C442 /* CLAUDE.md */ = {isa = PBXFileReference; lastKnownFileType = net.daringfireball.markdown; path = CLAUDE.md; sourceTree = "<group>"; };
		FDB0ECCB40B4398D29AA43E3 /* PomodoroApp.swift */ = {isa = PBXFileReference; lastKnownFileType = sourcecode.swift; path = PomodoroApp.swift; sourceTree = "<group>"; };
/* End PBXFileReference section */

/* Begin PBXGroup section */
		09FBECACC8C0CBE9AA81EE2E /* PomdoroTests */ = {
			isa = PBXGroup;
			children = (
				977B41306752A466DF441DA5 /* AppSettingsStoreTests.swift */,
				597BABF5060A804AD1AC6190 /* CLAUDE.md */,
				71A2C81ED921AB56B394D718 /* DigitInputTests.swift */,
				7E77E76A3849EC5984B5179F /* NotificationManagerTests.swift */,
				52A11DEF9BA6D02E1FDD31AE /* PomdoroPlaceholderTests.swift */,
				08DB6B7ACE631704A33C2388 /* PomodoroManagerTests.swift */,
				C25526E31FF890AEB1DBB0C2 /* SevenSegmentDigitTests.swift */,
				6503DD09BEACBEC000F5FD27 /* SoundManagerTests.swift */,
				B57D4796D78118EED56EC0E5 /* TimerModelTests.swift */,
				F88AB05FE0D6BB4C834F7123 /* Mocks */,
			);
			path = PomdoroTests;
			sourceTree = "<group>";
		};
		147FF3863FFB430284AECFE0 /* Services */ = {
			isa = PBXGroup;
			children = (
				527E5CD146D070D803EA33D8 /* AppSettingsStore.swift */,
				7B29F3F0C73C1E65E6D19CCE /* CLAUDE.md */,
				48A4270E123F68B96363667D /* NotificationManager.swift */,
				EFBD6DDC1334A437038CCC1D /* SoundManager.swift */,
			);
			path = Services;
			sourceTree = "<group>";
		};
		56F91A825BFDA816BBB8FC0B /* Resources */ = {
			isa = PBXGroup;
			children = (
				3E64C42E1944192C30226B8B /* CLAUDE.md */,
				B646614F11E34FC34AB60BB8 /* completion-alarm.aiff */,
				B36B07D8F9B6C61C38DA4574 /* transition-beep.aiff */,
			);
			path = Resources;
			sourceTree = "<group>";
		};
		58539555D374D83B3660ECAF /* Pomdoro */ = {
			isa = PBXGroup;
			children = (
				2F5002333C2D8773D565ED33 /* AppDelegate.swift */,
				017B500108FCFC22E3E71B2D /* CLAUDE.md */,
				FDB0ECCB40B4398D29AA43E3 /* PomodoroApp.swift */,
				5962DA1A76E3B53D11AB8DCF /* Models */,
				BE8E99A792AACAD9E250367B /* Protocols */,
				56F91A825BFDA816BBB8FC0B /* Resources */,
				147FF3863FFB430284AECFE0 /* Services */,
				C2594FF30F2B1D8CFADBA01C /* Views */,
			);
			path = Pomdoro;
			sourceTree = "<group>";
		};
		5962DA1A76E3B53D11AB8DCF /* Models */ = {
			isa = PBXGroup;
			children = (
				5DEFEC65199723D93E21BF28 /* CLAUDE.md */,
				E96542BF21D5202E2FA1D57D /* PomodoroManager.swift */,
				09417D69B7C0A0FBEC84A244 /* TimerModel.swift */,
			);
			path = Models;
			sourceTree = "<group>";
		};
		8A282293CEE55DD14FE94308 /* PomdoroUITests */ = {
			isa = PBXGroup;
			children = (
				D0E4AA3F69877E82926D317D /* CLAUDE.md */,
				3CA19A4BEDC4B670511DEC98 /* PomdoroUIPlaceholderTests.swift */,
			);
			path = PomdoroUITests;
			sourceTree = "<group>";
		};
		BE8E99A792AACAD9E250367B /* Protocols */ = {
			isa = PBXGroup;
			children = (
				7E358F827F3D7CD70AD63202 /* CLAUDE.md */,
				A0C806522CA337A352F004A0 /* NotificationSending.swift */,
				EED757EEAF0A3E55C447CC75 /* SettingsStoring.swift */,
				061CF03E0411561BD208DB10 /* SoundPlaying.swift */,
				7588156C39CBA918541300F3 /* TimeProvider.swift */,
			);
			path = Protocols;
			sourceTree = "<group>";
		};
		C2594FF30F2B1D8CFADBA01C /* Views */ = {
			isa = PBXGroup;
			children = (
				26FCC96D00F4B99A98118856 /* ChainLinkButton.swift */,
				5236F4F6D99847549A4086C4 /* CLAUDE.md */,
				B7128026E489297080A81DA6 /* MainTimerView.swift */,
				CEFC2C0C5676E76E05F26477 /* ModeArrow.swift */,
				2C302A03143E577E5ED427C3 /* SettingsView.swift */,
				4FA9B5A636CE3245E48A749D /* SevenSegmentDigit.swift */,
				90DA251BD0003031CD424060 /* SevenSegmentDisplay.swift */,
				83A16E76FDD147F320F66020 /* TimerControls.swift */,
				0D18D24D8862FF3D88532086 /* TimerPanelView.swift */,
			);
			path = Views;
			sourceTree = "<group>";
		};
		D47A473AE062DA6D48300886 = {
			isa = PBXGroup;
			children = (
				58539555D374D83B3660ECAF /* Pomdoro */,
				09FBECACC8C0CBE9AA81EE2E /* PomdoroTests */,
				8A282293CEE55DD14FE94308 /* PomdoroUITests */,
				D8C958A77E8F425C8DC55805 /* Products */,
			);
			sourceTree = "<group>";
		};
		D8C958A77E8F425C8DC55805 /* Products */ = {
			isa = PBXGroup;
			children = (
				E19F37F631CBB3789E57A8C3 /* Pomdoro.app */,
				A77AB310B486084751550415 /* PomdoroTests.xctest */,
				ADB46EE64EF249CDC93CBDE8 /* PomdoroUITests.xctest */,
			);
			name = Products;
			sourceTree = "<group>";
		};
		F88AB05FE0D6BB4C834F7123 /* Mocks */ = {
			isa = PBXGroup;
			children = (
				F0BAA277BDDA62F72948C442 /* CLAUDE.md */,
				7826C49795E53B0FB967AE25 /* MockNotificationSender.swift */,
				11911702EF00CFF6D00948D5 /* MockSettingsStore.swift */,
				AEDFBAEC91E7BB5B692EBA7A /* MockSoundPlayer.swift */,
				E87981026ED5EDD6ED18A6D5 /* MockTimeProvider.swift */,
			);
			path = Mocks;
			sourceTree = "<group>";
		};
/* End PBXGroup section */

/* Begin PBXNativeTarget section */
		2B2687DD8624327A9781BD32 /* Pomdoro */ = {
			isa = PBXNativeTarget;
			buildConfigurationList = 8A196BD60E6D57273366C385 /* Build configuration list for PBXNativeTarget "Pomdoro" */;
			buildPhases = (
				C6123DF629669A6E8C1702D4 /* Sources */,
				CE022FD62328307F72457BA2 /* Resources */,
			);
			buildRules = (
			);
			dependencies = (
			);
			name = Pomdoro;
			packageProductDependencies = (
			);
			productName = Pomdoro;
			productReference = E19F37F631CBB3789E57A8C3 /* Pomdoro.app */;
			productType = "com.apple.product-type.application";
		};
		756C23DA85D32A8CA23B8539 /* PomdoroUITests */ = {
			isa = PBXNativeTarget;
			buildConfigurationList = AE9EBC912ACD7D136A99A3E0 /* Build configuration list for PBXNativeTarget "PomdoroUITests" */;
			buildPhases = (
				F4BE75CC208099C4CA48F1E7 /* Sources */,
				B42A9ADDA27304CA9E06A091 /* Resources */,
			);
			buildRules = (
			);
			dependencies = (
				A3AF1569CC5E70CCAC6E7F91 /* PBXTargetDependency */,
			);
			name = PomdoroUITests;
			packageProductDependencies = (
			);
			productName = PomdoroUITests;
			productReference = ADB46EE64EF249CDC93CBDE8 /* PomdoroUITests.xctest */;
			productType = "com.apple.product-type.bundle.ui-testing";
		};
		8F49EDA37A5A5774D3B8834E /* PomdoroTests */ = {
			isa = PBXNativeTarget;
			buildConfigurationList = 6F77FE7B86CDDF4C8B1F51B6 /* Build configuration list for PBXNativeTarget "PomdoroTests" */;
			buildPhases = (
				534B75D6EC23241C61871123 /* Sources */,
				884CF920E73CAD2181AE64B8 /* Resources */,
			);
			buildRules = (
			);
			dependencies = (
				4CF867FC81572D2C4BE726B2 /* PBXTargetDependency */,
			);
			name = PomdoroTests;
			packageProductDependencies = (
			);
			productName = PomdoroTests;
			productReference = A77AB310B486084751550415 /* PomdoroTests.xctest */;
			productType = "com.apple.product-type.bundle.unit-test";
		};
/* End PBXNativeTarget section */

/* Begin PBXProject section */
		9898EC9B987B29C82017B4B9 /* Project object */ = {
			isa = PBXProject;
			attributes = {
				BuildIndependentTargetsInParallel = YES;
				LastUpgradeCheck = 1430;
				TargetAttributes = {
					756C23DA85D32A8CA23B8539 = {
						TestTargetID = 2B2687DD8624327A9781BD32;
					};
				};
			};
			buildConfigurationList = 7869ED32E732C42A535A0F7B /* Build configuration list for PBXProject "Pomdoro" */;
			developmentRegion = en;
			hasScannedForEncodings = 0;
			knownRegions = (
				Base,
				en,
			);
			mainGroup = D47A473AE062DA6D48300886;
			minimizedProjectReferenceProxies = 1;
			preferredProjectObjectVersion = 77;
			productRefGroup = D8C958A77E8F425C8DC55805 /* Products */;
			projectDirPath = "";
			projectRoot = "";
			targets = (
				2B2687DD8624327A9781BD32 /* Pomdoro */,
				8F49EDA37A5A5774D3B8834E /* PomdoroTests */,
				756C23DA85D32A8CA23B8539 /* PomdoroUITests */,
			);
		};
/* End PBXProject section */

/* Begin PBXResourcesBuildPhase section */
		884CF920E73CAD2181AE64B8 /* Resources */ = {
			isa = PBXResourcesBuildPhase;
			buildActionMask = 2147483647;
			files = (
				CE95E4C4C66878B4D8994EF4 /* CLAUDE.md in Resources */,
				D0C2AA767F106F549AB211F2 /* CLAUDE.md in Resources */,
			);
			runOnlyForDeploymentPostprocessing = 0;
		};
		B42A9ADDA27304CA9E06A091 /* Resources */ = {
			isa = PBXResourcesBuildPhase;
			buildActionMask = 2147483647;
			files = (
				FB52591368F49FC56A502B15 /* CLAUDE.md in Resources */,
			);
			runOnlyForDeploymentPostprocessing = 0;
		};
		CE022FD62328307F72457BA2 /* Resources */ = {
			isa = PBXResourcesBuildPhase;
			buildActionMask = 2147483647;
			files = (
				B3538F1388C7D7919702367C /* CLAUDE.md in Resources */,
				4F25193F2987F9BFB48B423A /* CLAUDE.md in Resources */,
				ABFC4F0C186120163ED3D018 /* CLAUDE.md in Resources */,
				B442093FA06FF3B75D395F6C /* CLAUDE.md in Resources */,
				52B6BBAD3B8C203A5E5AAB01 /* CLAUDE.md in Resources */,
				D41B27E305EF36569505E7CF /* CLAUDE.md in Resources */,
				EA33904E40B869BD33D3E1CF /* completion-alarm.aiff in Resources */,
				05069398425E47A2D5ACC5B5 /* transition-beep.aiff in Resources */,
			);
			runOnlyForDeploymentPostprocessing = 0;
		};
/* End PBXResourcesBuildPhase section */

/* Begin PBXSourcesBuildPhase section */
		534B75D6EC23241C61871123 /* Sources */ = {
			isa = PBXSourcesBuildPhase;
			buildActionMask = 2147483647;
			files = (
				F4BFD4F7BBDB8E825067C5C5 /* AppSettingsStoreTests.swift in Sources */,
				FDA9209307A2E472E20DE9BE /* DigitInputTests.swift in Sources */,
				A7032B12863B291F4448DA11 /* MockNotificationSender.swift in Sources */,
				69C99C54CE00DD56A8773892 /* MockSettingsStore.swift in Sources */,
				55DA8751ACA552101723D8A0 /* MockSoundPlayer.swift in Sources */,
				65756EE65F8B8AB3DDB6ACA8 /* MockTimeProvider.swift in Sources */,
				9111BB7E9101DEAA31B2122A /* NotificationManagerTests.swift in Sources */,
				9E3D0E6ECD422982722C688B /* PomdoroPlaceholderTests.swift in Sources */,
				5B712B5E79BCAFFCCB81F717 /* PomodoroManagerTests.swift in Sources */,
				B6D1CCF46257A96BC221E44B /* SevenSegmentDigitTests.swift in Sources */,
				C0B28A8163CE4EC5AA92608E /* SoundManagerTests.swift in Sources */,
				26ECC36B119C7567E428C54A /* TimerModelTests.swift in Sources */,
			);
			runOnlyForDeploymentPostprocessing = 0;
		};
		C6123DF629669A6E8C1702D4 /* Sources */ = {
			isa = PBXSourcesBuildPhase;
			buildActionMask = 2147483647;
			files = (
				25FB653C955C17707C145B2D /* AppDelegate.swift in Sources */,
				B7B26FA4C4FF80AF56C7601C /* AppSettingsStore.swift in Sources */,
				AFD649AF0B9D4024B3462823 /* ChainLinkButton.swift in Sources */,
				02B75640143493674AB368DE /* MainTimerView.swift in Sources */,
				0EE8EB8AD2126BFB2994A863 /* ModeArrow.swift in Sources */,
				CD2D568043A08C3EDAA294BC /* NotificationManager.swift in Sources */,
				6EBAE4E6A6B89C132504EA12 /* NotificationSending.swift in Sources */,
				69148676B6BA30354F08AB7A /* PomodoroApp.swift in Sources */,
				21C38F32A4666C002126C625 /* PomodoroManager.swift in Sources */,
				469A68DF467FE9F6D66823D3 /* SettingsStoring.swift in Sources */,
				B5E7BED916054EF7A230A399 /* SettingsView.swift in Sources */,
				7165600109A8C6F6B3D7B104 /* SevenSegmentDigit.swift in Sources */,
				50E87F4BC39703E7A6C18C3F /* SevenSegmentDisplay.swift in Sources */,
				57DEA2E8AA8C27637C43ED0B /* SoundManager.swift in Sources */,
				40F72178BC1E9E85E2A75356 /* SoundPlaying.swift in Sources */,
				090DF8A3D78D26D49AC5ED30 /* TimeProvider.swift in Sources */,
				1E1FB310188F1A9301D24A06 /* TimerControls.swift in Sources */,
				F86BF60BBAC7193DAE3F238D /* TimerModel.swift in Sources */,
				55CECF340B831079FE218C51 /* TimerPanelView.swift in Sources */,
			);
			runOnlyForDeploymentPostprocessing = 0;
		};
		F4BE75CC208099C4CA48F1E7 /* Sources */ = {
			isa = PBXSourcesBuildPhase;
			buildActionMask = 2147483647;
			files = (
				81DC72508469D51EEEA1E21B /* PomdoroUIPlaceholderTests.swift in Sources */,
			);
			runOnlyForDeploymentPostprocessing = 0;
		};
/* End PBXSourcesBuildPhase section */

/* Begin PBXTargetDependency section */
		4CF867FC81572D2C4BE726B2 /* PBXTargetDependency */ = {
			isa = PBXTargetDependency;
			target = 2B2687DD8624327A9781BD32 /* Pomdoro */;
			targetProxy = 27A68205CA9BE5A14AD5BEF8 /* PBXContainerItemProxy */;
		};
		A3AF1569CC5E70CCAC6E7F91 /* PBXTargetDependency */ = {
			isa = PBXTargetDependency;
			target = 2B2687DD8624327A9781BD32 /* Pomdoro */;
			targetProxy = 269159F65ACF467D49618CEF /* PBXContainerItemProxy */;
		};
/* End PBXTargetDependency section */

/* Begin XCBuildConfiguration section */
		0A418739FABC1C9D9276EE37 /* Debug */ = {
			isa = XCBuildConfiguration;
			buildSettings = {
				ALWAYS_SEARCH_USER_PATHS = NO;
				CLANG_ANALYZER_NONNULL = YES;
				CLANG_ANALYZER_NUMBER_OBJECT_CONVERSION = YES_AGGRESSIVE;
				CLANG_CXX_LANGUAGE_STANDARD = "gnu++14";
				CLANG_CXX_LIBRARY = "libc++";
				CLANG_ENABLE_MODULES = YES;
				CLANG_ENABLE_OBJC_ARC = YES;
				CLANG_ENABLE_OBJC_WEAK = YES;
				CLANG_WARN_BLOCK_CAPTURE_AUTORELEASING = YES;
				CLANG_WARN_BOOL_CONVERSION = YES;
				CLANG_WARN_COMMA = YES;
				CLANG_WARN_CONSTANT_CONVERSION = YES;
				CLANG_WARN_DEPRECATED_OBJC_IMPLEMENTATIONS = YES;
				CLANG_WARN_DIRECT_OBJC_ISA_USAGE = YES_ERROR;
				CLANG_WARN_DOCUMENTATION_COMMENTS = YES;
				CLANG_WARN_EMPTY_BODY = YES;
				CLANG_WARN_ENUM_CONVERSION = YES;
				CLANG_WARN_INFINITE_RECURSION = YES;
				CLANG_WARN_INT_CONVERSION = YES;
				CLANG_WARN_NON_LITERAL_NULL_CONVERSION = YES;
				CLANG_WARN_OBJC_IMPLICIT_RETAIN_SELF = YES;
				CLANG_WARN_OBJC_LITERAL_CONVERSION = YES;
				CLANG_WARN_OBJC_ROOT_CLASS = YES_ERROR;
				CLANG_WARN_QUOTED_INCLUDE_IN_FRAMEWORK_HEADER = YES;
				CLANG_WARN_RANGE_LOOP_ANALYSIS = YES;
				CLANG_WARN_STRICT_PROTOTYPES = YES;
				CLANG_WARN_SUSPICIOUS_MOVE = YES;
				CLANG_WARN_UNGUARDED_AVAILABILITY = YES_AGGRESSIVE;
				CLANG_WARN_UNREACHABLE_CODE = YES;
				CLANG_WARN__DUPLICATE_METHOD_MATCH = YES;
				COPY_PHASE_STRIP = NO;
				DEBUG_INFORMATION_FORMAT = dwarf;
				ENABLE_STRICT_OBJC_MSGSEND = YES;
				ENABLE_TESTABILITY = YES;
				GCC_C_LANGUAGE_STANDARD = gnu11;
				GCC_DYNAMIC_NO_PIC = NO;
				GCC_NO_COMMON_BLOCKS = YES;
				GCC_OPTIMIZATION_LEVEL = 0;
				GCC_PREPROCESSOR_DEFINITIONS = (
					"$(inherited)",
					"DEBUG=1",
				);
				GCC_WARN_64_TO_32_BIT_CONVERSION = YES;
				GCC_WARN_ABOUT_RETURN_TYPE = YES_ERROR;
				GCC_WARN_UNDECLARED_SELECTOR = YES;
				GCC_WARN_UNINITIALIZED_AUTOS = YES_AGGRESSIVE;
				GCC_WARN_UNUSED_FUNCTION = YES;
				GCC_WARN_UNUSED_VARIABLE = YES;
				MACOSX_DEPLOYMENT_TARGET = 13.0;
				MTL_ENABLE_DEBUG_INFO = INCLUDE_SOURCE;
				MTL_FAST_MATH = YES;
				ONLY_ACTIVE_ARCH = YES;
				PRODUCT_NAME = "$(TARGET_NAME)";
				SDKROOT = macosx;
				SWIFT_ACTIVE_COMPILATION_CONDITIONS = DEBUG;
				SWIFT_OPTIMIZATION_LEVEL = "-Onone";
				SWIFT_VERSION = 5.0;
			};
			name = Debug;
		};
		534C874BA146CE242AF852D7 /* Release */ = {
			isa = XCBuildConfiguration;
			buildSettings = {
				BUNDLE_LOADER = "$(TEST_HOST)";
				COMBINE_HIDPI_IMAGES = YES;
				LD_RUNPATH_SEARCH_PATHS = (
					"$(inherited)",
					"@executable_path/Frameworks",
					"@loader_path/Frameworks",
				);
				PRODUCT_BUNDLE_IDENTIFIER = com.pomdoro.PomdoroUITests;
				SDKROOT = macosx;
				TEST_TARGET_NAME = Pomdoro;
			};
			name = Release;
		};
		5934CAB3D74C5A3D1037204C /* Debug */ = {
			isa = XCBuildConfiguration;
			buildSettings = {
				ASSETCATALOG_COMPILER_APPICON_NAME = AppIcon;
				COMBINE_HIDPI_IMAGES = YES;
				LD_RUNPATH_SEARCH_PATHS = (
					"$(inherited)",
					"@executable_path/../Frameworks",
				);
				PRODUCT_BUNDLE_IDENTIFIER = com.pomdoro.Pomdoro;
				SDKROOT = macosx;
				SWIFT_STRICT_CONCURRENCY = complete;
				SWIFT_VERSION = 6.0;
			};
			name = Debug;
		};
		5DF0C25AD7648241C94A0EBC /* Debug */ = {
			isa = XCBuildConfiguration;
			buildSettings = {
				BUNDLE_LOADER = "$(TEST_HOST)";
				COMBINE_HIDPI_IMAGES = YES;
				LD_RUNPATH_SEARCH_PATHS = (
					"$(inherited)",
					"@executable_path/Frameworks",
					"@loader_path/Frameworks",
				);
				PRODUCT_BUNDLE_IDENTIFIER = com.pomdoro.PomdoroUITests;
				SDKROOT = macosx;
				TEST_TARGET_NAME = Pomdoro;
			};
			name = Debug;
		};
		B49AAD678F1938AB0042ACFD /* Debug */ = {
			isa = XCBuildConfiguration;
			buildSettings = {
				BUNDLE_LOADER = "$(TEST_HOST)";
				COMBINE_HIDPI_IMAGES = YES;
				LD_RUNPATH_SEARCH_PATHS = (
					"$(inherited)",
					"@executable_path/../Frameworks",
					"@loader_path/../Frameworks",
				);
				PRODUCT_BUNDLE_IDENTIFIER = com.pomdoro.PomdoroTests;
				SDKROOT = macosx;
				TEST_HOST = "$(BUILT_PRODUCTS_DIR)/Pomdoro.app/Contents/MacOS/Pomdoro";
			};
			name = Debug;
		};
		C516D3908777A4ABE8972286 /* Release */ = {
			isa = XCBuildConfiguration;
			buildSettings = {
				ASSETCATALOG_COMPILER_APPICON_NAME = AppIcon;
				COMBINE_HIDPI_IMAGES = YES;
				LD_RUNPATH_SEARCH_PATHS = (
					"$(inherited)",
					"@executable_path/../Frameworks",
				);
				PRODUCT_BUNDLE_IDENTIFIER = com.pomdoro.Pomdoro;
				SDKROOT = macosx;
				SWIFT_STRICT_CONCURRENCY = complete;
				SWIFT_VERSION = 6.0;
			};
			name = Release;
		};
		D54385E060BEEC0DEFE43114 /* Release */ = {
			isa = XCBuildConfiguration;
			buildSettings = {
				ALWAYS_SEARCH_USER_PATHS = NO;
				CLANG_ANALYZER_NONNULL = YES;
				CLANG_ANALYZER_NUMBER_OBJECT_CONVERSION = YES_AGGRESSIVE;
				CLANG_CXX_LANGUAGE_STANDARD = "gnu++14";
				CLANG_CXX_LIBRARY = "libc++";
				CLANG_ENABLE_MODULES = YES;
				CLANG_ENABLE_OBJC_ARC = YES;
				CLANG_ENABLE_OBJC_WEAK = YES;
				CLANG_WARN_BLOCK_CAPTURE_AUTORELEASING = YES;
				CLANG_WARN_BOOL_CONVERSION = YES;
				CLANG_WARN_COMMA = YES;
				CLANG_WARN_CONSTANT_CONVERSION = YES;
				CLANG_WARN_DEPRECATED_OBJC_IMPLEMENTATIONS = YES;
				CLANG_WARN_DIRECT_OBJC_ISA_USAGE = YES_ERROR;
				CLANG_WARN_DOCUMENTATION_COMMENTS = YES;
				CLANG_WARN_EMPTY_BODY = YES;
				CLANG_WARN_ENUM_CONVERSION = YES;
				CLANG_WARN_INFINITE_RECURSION = YES;
				CLANG_WARN_INT_CONVERSION = YES;
				CLANG_WARN_NON_LITERAL_NULL_CONVERSION = YES;
				CLANG_WARN_OBJC_IMPLICIT_RETAIN_SELF = YES;
				CLANG_WARN_OBJC_LITERAL_CONVERSION = YES;
				CLANG_WARN_OBJC_ROOT_CLASS = YES_ERROR;
				CLANG_WARN_QUOTED_INCLUDE_IN_FRAMEWORK_HEADER = YES;
				CLANG_WARN_RANGE_LOOP_ANALYSIS = YES;
				CLANG_WARN_STRICT_PROTOTYPES = YES;
				CLANG_WARN_SUSPICIOUS_MOVE = YES;
				CLANG_WARN_UNGUARDED_AVAILABILITY = YES_AGGRESSIVE;
				CLANG_WARN_UNREACHABLE_CODE = YES;
				CLANG_WARN__DUPLICATE_METHOD_MATCH = YES;
				COPY_PHASE_STRIP = NO;
				DEBUG_INFORMATION_FORMAT = "dwarf-with-dsym";
				ENABLE_NS_ASSERTIONS = NO;
				ENABLE_STRICT_OBJC_MSGSEND = YES;
				GCC_C_LANGUAGE_STANDARD = gnu11;
				GCC_NO_COMMON_BLOCKS = YES;
				GCC_WARN_64_TO_32_BIT_CONVERSION = YES;
				GCC_WARN_ABOUT_RETURN_TYPE = YES_ERROR;
				GCC_WARN_UNDECLARED_SELECTOR = YES;
				GCC_WARN_UNINITIALIZED_AUTOS = YES_AGGRESSIVE;
				GCC_WARN_UNUSED_FUNCTION = YES;
				GCC_WARN_UNUSED_VARIABLE = YES;
				MACOSX_DEPLOYMENT_TARGET = 13.0;
				MTL_ENABLE_DEBUG_INFO = NO;
				MTL_FAST_MATH = YES;
				PRODUCT_NAME = "$(TARGET_NAME)";
				SDKROOT = macosx;
				SWIFT_COMPILATION_MODE = wholemodule;
				SWIFT_OPTIMIZATION_LEVEL = "-O";
				SWIFT_VERSION = 5.0;
			};
			name = Release;
		};
		EB1B84469550566621FAC0D6 /* Release */ = {
			isa = XCBuildConfiguration;
			buildSettings = {
				BUNDLE_LOADER = "$(TEST_HOST)";
				COMBINE_HIDPI_IMAGES = YES;
				LD_RUNPATH_SEARCH_PATHS = (
					"$(inherited)",
					"@executable_path/../Frameworks",
					"@loader_path/../Frameworks",
				);
				PRODUCT_BUNDLE_IDENTIFIER = com.pomdoro.PomdoroTests;
				SDKROOT = macosx;
				TEST_HOST = "$(BUILT_PRODUCTS_DIR)/Pomdoro.app/Contents/MacOS/Pomdoro";
			};
			name = Release;
		};
/* End XCBuildConfiguration section */

/* Begin XCConfigurationList section */
		6F77FE7B86CDDF4C8B1F51B6 /* Build configuration list for PBXNativeTarget "PomdoroTests" */ = {
			isa = XCConfigurationList;
			buildConfigurations = (
				B49AAD678F1938AB0042ACFD /* Debug */,
				EB1B84469550566621FAC0D6 /* Release */,
			);
			defaultConfigurationIsVisible = 0;
			defaultConfigurationName = Debug;
		};
		7869ED32E732C42A535A0F7B /* Build configuration list for PBXProject "Pomdoro" */ = {
			isa = XCConfigurationList;
			buildConfigurations = (
				0A418739FABC1C9D9276EE37 /* Debug */,
				D54385E060BEEC0DEFE43114 /* Release */,
			);
			defaultConfigurationIsVisible = 0;
			defaultConfigurationName = Debug;
		};
		8A196BD60E6D57273366C385 /* Build configuration list for PBXNativeTarget "Pomdoro" */ = {
			isa = XCConfigurationList;
			buildConfigurations = (
				5934CAB3D74C5A3D1037204C /* Debug */,
				C516D3908777A4ABE8972286 /* Release */,
			);
			defaultConfigurationIsVisible = 0;
			defaultConfigurationName = Debug;
		};
		AE9EBC912ACD7D136A99A3E0 /* Build configuration list for PBXNativeTarget "PomdoroUITests" */ = {
			isa = XCConfigurationList;
			buildConfigurations = (
				5DF0C25AD7648241C94A0EBC /* Debug */,
				534C874BA146CE242AF852D7 /* Release */,
			);
			defaultConfigurationIsVisible = 0;
			defaultConfigurationName = Debug;
		};
/* End XCConfigurationList section */
	};
	rootObject = 9898EC9B987B29C82017B4B9 /* Project object */;
}
